
Microsoft Visual Studio Solution File, Format Version 12.00
# Visual Studio Version 17
VisualStudioVersion = 17.1.32421.90
MinimumVisualStudioVersion = 10.0.40219.1
Project("{FAE04EC0-301F-11D3-BF4B-00C04F79EFBC}") = "Tic Tac Toe", "Tic Tac Toe\Tic Tac Toe.csproj", "{4997298D-88C9-4C26-868E-E73F54BB7E08}"
EndProject
Global
	GlobalSection(SolutionConfigurationPlatforms) = preSolution
		Debug|Any CPU = Debug|Any CPU
		Release|Any CPU = Release|Any CPU
	EndGlobalSection
	GlobalSection(ProjectConfigurationPlatforms) = postSolution
		{4997298D-88C9-4C26-868E-E73F54BB7E08}.Debug|Any CPU.ActiveCfg = Debug|Any CPU
		{4997298D-88C9-4C26-868E-E73F54BB7E08}.Debug|Any CPU.Build.0 = Debug|Any CPU
		{4997298D-88C9-4C26-868E-E73F54BB7E08}.Release|Any CPU.ActiveCfg = Release|Any CPU
		{4997298D-88C9-4C26-868E-E73F54BB7E08}.Release|Any CPU.Build.0 = Release|Any CPU
	EndGlobalSection
	GlobalSection(SolutionProperties) = preSolution
		HideSolutionNode = FALSE
	EndGlobalSection
	GlobalSection(ExtensibilityGlobals) = postSolution
		SolutionGuid = {26B1C3C0-3E04-485E-994C-C592909E5B49}
	EndGlobalSection
EndGlobal
